// !$*UTF8*$!
{
	archiveVersion = 1;
	classes = {
	};
	objectVersion = 50;
	objects = {

/* Begin PBXBuildFile section */
		BFCEFCAD24AACED00096AE8D /* Assets.xcassets in Resources */ = {isa = PBXBuildFile; fileRef = BFCEFCAC24AACED00096AE8D /* Assets.xcassets */; };
		BFCEFCBC24AACEFA0096AE8D /* OpenGL.framework in Frameworks */ = {isa = PBXBuildFile; fileRef = BFCEFCBB24AACEFA0096AE8D /* OpenGL.framework */; };
		BFCEFCBE24AACF0E0096AE8D /* GLUT.framework in Frameworks */ = {isa = PBXBuildFile; fileRef = BFCEFCBD24AACF0E0096AE8D /* GLUT.framework */; };
		BFCEFCD524AACFE70096AE8D /* main.cpp in Sources */ = {isa = PBXBuildFile; fileRef = BFCEFCD424AACFE70096AE8D /* main.cpp */; };
		BFCEFCD724AAD3B70096AE8D /* libGLTools.a in Frameworks */ = {isa = PBXBuildFile; fileRef = BFCEFCD624AAD3B70096AE8D /* libGLTools.a */; };
		BFCEFD9024B314B80096AE8D /* libGLTools.a in Frameworks */ = {isa = PBXBuildFile; fileRef = BFCEFCD624AAD3B70096AE8D /* libGLTools.a */; };
		BFCEFD9124B314B80096AE8D /* GLUT.framework in Frameworks */ = {isa = PBXBuildFile; fileRef = BFCEFCBD24AACF0E0096AE8D /* GLUT.framework */; };
		BFCEFD9224B314B80096AE8D /* OpenGL.framework in Frameworks */ = {isa = PBXBuildFile; fileRef = BFCEFCBB24AACEFA0096AE8D /* OpenGL.framework */; };
		BFCEFD9424B314B80096AE8D /* Assets.xcassets in Resources */ = {isa = PBXBuildFile; fileRef = BFCEFCAC24AACED00096AE8D /* Assets.xcassets */; };
		BFCEFD9A24B314F70096AE8D /* main.cpp in Sources */ = {isa = PBXBuildFile; fileRef = BFCEFD8A24B314A00096AE8D /* main.cpp */; };
/* End PBXBuildFile section */

/* Begin PBXFileReference section */
		BFCEFCA324AACECF0096AE8D /* OpenGL.app */ = {isa = PBXFileReference; explicitFileType = wrapper.application; includeInIndex = 0; path = OpenGL.app; sourceTree = BUILT_PRODUCTS_DIR; };
		BFCEFCAC24AACED00096AE8D /* Assets.xcassets */ = {isa = PBXFileReference; lastKnownFileType = folder.assetcatalog; path = Assets.xcassets; sourceTree = "<group>"; };
		BFCEFCB124AACED00096AE8D /* Info.plist */ = {isa = PBXFileReference; lastKnownFileType = text.plist.xml; path = Info.plist; sourceTree = "<group>"; };
		BFCEFCB424AACED00096AE8D /* OpenGL.entitlements */ = {isa = PBXFileReference; lastKnownFileType = text.plist.entitlements; path = OpenGL.entitlements; sourceTree = "<group>"; };
		BFCEFCBB24AACEFA0096AE8D /* OpenGL.framework */ = {isa = PBXFileReference; lastKnownFileType = wrapper.framework; name = OpenGL.framework; path = System/Library/Frameworks/OpenGL.framework; sourceTree = SDKROOT; };
		BFCEFCBD24AACF0E0096AE8D /* GLUT.framework */ = {isa = PBXFileReference; lastKnownFileType = wrapper.framework; name = GLUT.framework; path = System/Library/Frameworks/GLUT.framework; sourceTree = SDKROOT; };
		BFCEFCC124AACF4E0096AE8D /* GLBatchBase.h */ = {isa = PBXFileReference; fileEncoding = 4; lastKnownFileType = sourcecode.c.h; path = GLBatchBase.h; sourceTree = "<group>"; };
		BFCEFCC224AACF4E0096AE8D /* math3d.h */ = {isa = PBXFileReference; fileEncoding = 4; lastKnownFileType = sourcecode.c.h; path = math3d.h; sourceTree = "<group>"; };
		BFCEFCC324AACF4E0096AE8D /* GLTriangleBatch.h */ = {isa = PBXFileReference; fileEncoding = 4; lastKnownFileType = sourcecode.c.h; path = GLTriangleBatch.h; sourceTree = "<group>"; };
		BFCEFCC424AACF4E0096AE8D /* GLBatch.h */ = {isa = PBXFileReference; fileEncoding = 4; lastKnownFileType = sourcecode.c.h; path = GLBatch.h; sourceTree = "<group>"; };
		BFCEFCC524AACF4E0096AE8D /* GLMatrixStack.h */ = {isa = PBXFileReference; fileEncoding = 4; lastKnownFileType = sourcecode.c.h; path = GLMatrixStack.h; sourceTree = "<group>"; };
		BFCEFCC624AACF4E0096AE8D /* GLFrame.h */ = {isa = PBXFileReference; fileEncoding = 4; lastKnownFileType = sourcecode.c.h; path = GLFrame.h; sourceTree = "<group>"; };
		BFCEFCC724AACF4E0096AE8D /* GLFrustum.h */ = {isa = PBXFileReference; fileEncoding = 4; lastKnownFileType = sourcecode.c.h; path = GLFrustum.h; sourceTree = "<group>"; };
		BFCEFCC824AACF4E0096AE8D /* GLGeometryTransform.h */ = {isa = PBXFileReference; fileEncoding = 4; lastKnownFileType = sourcecode.c.h; path = GLGeometryTransform.h; sourceTree = "<group>"; };
		BFCEFCC924AACF4E0096AE8D /* GLShaderManager.h */ = {isa = PBXFileReference; fileEncoding = 4; lastKnownFileType = sourcecode.c.h; path = GLShaderManager.h; sourceTree = "<group>"; };
		BFCEFCCA24AACF4E0096AE8D /* StopWatch.h */ = {isa = PBXFileReference; fileEncoding = 4; lastKnownFileType = sourcecode.c.h; path = StopWatch.h; sourceTree = "<group>"; };
		BFCEFCCC24AACF4E0096AE8D /* glxew.h */ = {isa = PBXFileReference; fileEncoding = 4; lastKnownFileType = sourcecode.c.h; path = glxew.h; sourceTree = "<group>"; };
		BFCEFCCD24AACF4E0096AE8D /* wglew.h */ = {isa = PBXFileReference; fileEncoding = 4; lastKnownFileType = sourcecode.c.h; path = wglew.h; sourceTree = "<group>"; };
		BFCEFCCE24AACF4E0096AE8D /* glew.h */ = {isa = PBXFileReference; fileEncoding = 4; lastKnownFileType = sourcecode.c.h; path = glew.h; sourceTree = "<group>"; };
		BFCEFCCF24AACF4E0096AE8D /* GLTools.h */ = {isa = PBXFileReference; fileEncoding = 4; lastKnownFileType = sourcecode.c.h; path = GLTools.h; sourceTree = "<group>"; };
		BFCEFCD424AACFE70096AE8D /* main.cpp */ = {isa = PBXFileReference; lastKnownFileType = sourcecode.cpp.cpp; path = main.cpp; sourceTree = "<group>"; };
		BFCEFCD624AAD3B70096AE8D /* libGLTools.a */ = {isa = PBXFileReference; lastKnownFileType = archive.ar; path = libGLTools.a; sourceTree = "<group>"; };
		BFCEFD8A24B314A00096AE8D /* main.cpp */ = {isa = PBXFileReference; lastKnownFileType = sourcecode.cpp.cpp; path = main.cpp; sourceTree = "<group>"; };
		BFCEFD9824B314B80096AE8D /* OpenGL Move.app */ = {isa = PBXFileReference; explicitFileType = wrapper.application; includeInIndex = 0; path = "OpenGL Move.app"; sourceTree = BUILT_PRODUCTS_DIR; };
		BFCEFD9924B314B80096AE8D /* OpenGL Move-Info.plist */ = {isa = PBXFileReference; lastKnownFileType = text.plist.xml; name = "OpenGL Move-Info.plist"; path = "/Users/super/Documents/Customer/OpenGL/OpenGL Move-Info.plist"; sourceTree = "<absolute>"; };
/* End PBXFileReference section */

/* Begin PBXFrameworksBuildPhase section */
		BFCEFCA024AACECF0096AE8D /* Frameworks */ = {
			isa = PBXFrameworksBuildPhase;
			buildActionMask = 2147483647;
			files = (
				BFCEFCD724AAD3B70096AE8D /* libGLTools.a in Frameworks */,
				BFCEFCBE24AACF0E0096AE8D /* GLUT.framework in Frameworks */,
				BFCEFCBC24AACEFA0096AE8D /* OpenGL.framework in Frameworks */,
			);
			runOnlyForDeploymentPostprocessing = 0;
		};
		BFCEFD8F24B314B80096AE8D /* Frameworks */ = {
			isa = PBXFrameworksBuildPhase;
			buildActionMask = 2147483647;
			files = (
				BFCEFD9024B314B80096AE8D /* libGLTools.a in Frameworks */,
				BFCEFD9124B314B80096AE8D /* GLUT.framework in Frameworks */,
				BFCEFD9224B314B80096AE8D /* OpenGL.framework in Frameworks */,
			);
			runOnlyForDeploymentPostprocessing = 0;
		};
/* End PBXFrameworksBuildPhase section */

/* Begin PBXGroup section */
		BFCEFC9A24AACECF0096AE8D = {
			isa = PBXGroup;
			children = (
				BFCEFCA524AACECF0096AE8D /* OpenGL */,
				BFCEFCA424AACECF0096AE8D /* Products */,
				BFCEFCBA24AACEFA0096AE8D /* Frameworks */,
				BFCEFD9924B314B80096AE8D /* OpenGL Move-Info.plist */,
			);
			sourceTree = "<group>";
		};
		BFCEFCA424AACECF0096AE8D /* Products */ = {
			isa = PBXGroup;
			children = (
				BFCEFCA324AACECF0096AE8D /* OpenGL.app */,
				BFCEFD9824B314B80096AE8D /* OpenGL Move.app */,
			);
			name = Products;
			sourceTree = "<group>";
		};
		BFCEFCA524AACECF0096AE8D /* OpenGL */ = {
			isa = PBXGroup;
			children = (
				BFCEFCC024AACF4E0096AE8D /* include */,
				BFCEFCAC24AACED00096AE8D /* Assets.xcassets */,
				BFCEFCD424AACFE70096AE8D /* main.cpp */,
				BFCEFCB124AACED00096AE8D /* Info.plist */,
				BFCEFD8924B314790096AE8D /* Move */,
				BFCEFCB424AACED00096AE8D /* OpenGL.entitlements */,
			);
			path = OpenGL;
			sourceTree = "<group>";
		};
		BFCEFCBA24AACEFA0096AE8D /* Frameworks */ = {
			isa = PBXGroup;
			children = (
				BFCEFCD624AAD3B70096AE8D /* libGLTools.a */,
				BFCEFCBD24AACF0E0096AE8D /* GLUT.framework */,
				BFCEFCBB24AACEFA0096AE8D /* OpenGL.framework */,
			);
			name = Frameworks;
			sourceTree = "<group>";
		};
		BFCEFCC024AACF4E0096AE8D /* include */ = {
			isa = PBXGroup;
			children = (
				BFCEFCC124AACF4E0096AE8D /* GLBatchBase.h */,
				BFCEFCC224AACF4E0096AE8D /* math3d.h */,
				BFCEFCC324AACF4E0096AE8D /* GLTriangleBatch.h */,
				BFCEFCC424AACF4E0096AE8D /* GLBatch.h */,
				BFCEFCC524AACF4E0096AE8D /* GLMatrixStack.h */,
				BFCEFCC624AACF4E0096AE8D /* GLFrame.h */,
				BFCEFCC724AACF4E0096AE8D /* GLFrustum.h */,
				BFCEFCC824AACF4E0096AE8D /* GLGeometryTransform.h */,
				BFCEFCC924AACF4E0096AE8D /* GLShaderManager.h */,
				BFCEFCCA24AACF4E0096AE8D /* StopWatch.h */,
				BFCEFCCB24AACF4E0096AE8D /* GL */,
				BFCEFCCF24AACF4E0096AE8D /* GLTools.h */,
			);
			path = include;
			sourceTree = "<group>";
		};
		BFCEFCCB24AACF4E0096AE8D /* GL */ = {
			isa = PBXGroup;
			children = (
				BFCEFCCC24AACF4E0096AE8D /* glxew.h */,
				BFCEFCCD24AACF4E0096AE8D /* wglew.h */,
				BFCEFCCE24AACF4E0096AE8D /* glew.h */,
			);
			path = GL;
			sourceTree = "<group>";
		};
		BFCEFD8924B314790096AE8D /* Move */ = {
			isa = PBXGroup;
			children = (
				BFCEFD8A24B314A00096AE8D /* main.cpp */,
			);
			path = Move;
			sourceTree = "<group>";
		};
/* End PBXGroup section */

/* Begin PBXNativeTarget section */
		BFCEFCA224AACECF0096AE8D /* OpenGL */ = {
			isa = PBXNativeTarget;
			buildConfigurationList = BFCEFCB724AACED00096AE8D /* Build configuration list for PBXNativeTarget "OpenGL" */;
			buildPhases = (
				BFCEFC9F24AACECF0096AE8D /* Sources */,
				BFCEFCA024AACECF0096AE8D /* Frameworks */,
				BFCEFCA124AACECF0096AE8D /* Resources */,
			);
			buildRules = (
			);
			dependencies = (
			);
			name = OpenGL;
			productName = OpenGL;
			productReference = BFCEFCA324AACECF0096AE8D /* OpenGL.app */;
			productType = "com.apple.product-type.application";
		};
		BFCEFD8C24B314B80096AE8D /* OpenGL Move */ = {
			isa = PBXNativeTarget;
			buildConfigurationList = BFCEFD9524B314B80096AE8D /* Build configuration list for PBXNativeTarget "OpenGL Move" */;
			buildPhases = (
				BFCEFD8D24B314B80096AE8D /* Sources */,
				BFCEFD8F24B314B80096AE8D /* Frameworks */,
				BFCEFD9324B314B80096AE8D /* Resources */,
			);
			buildRules = (
			);
			dependencies = (
			);
			name = "OpenGL Move";
			productName = OpenGL;
			productReference = BFCEFD9824B314B80096AE8D /* OpenGL Move.app */;
			productType = "com.apple.product-type.application";
		};
/* End PBXNativeTarget section */

/* Begin PBXProject section */
		BFCEFC9B24AACECF0096AE8D /* Project object */ = {
			isa = PBXProject;
			attributes = {
				LastUpgradeCheck = 1120;
				ORGANIZATIONNAME = super;
				TargetAttributes = {
					BFCEFCA224AACECF0096AE8D = {
						CreatedOnToolsVersion = 11.2.1;
					};
				};
			};
			buildConfigurationList = BFCEFC9E24AACECF0096AE8D /* Build configuration list for PBXProject "OpenGL" */;
			compatibilityVersion = "Xcode 9.3";
			developmentRegion = en;
			hasScannedForEncodings = 0;
			knownRegions = (
				en,
				Base,
			);
			mainGroup = BFCEFC9A24AACECF0096AE8D;
			productRefGroup = BFCEFCA424AACECF0096AE8D /* Products */;
			projectDirPath = "";
			projectRoot = "";
			targets = (
				BFCEFCA224AACECF0096AE8D /* OpenGL */,
				BFCEFD8C24B314B80096AE8D /* OpenGL Move */,
			);
		};
/* End PBXProject section */

/* Begin PBXResourcesBuildPhase section */
		BFCEFCA124AACECF0096AE8D /* Resources */ = {
			isa = PBXResourcesBuildPhase;
			buildActionMask = 2147483647;
			files = (
				BFCEFCAD24AACED00096AE8D /* Assets.xcassets in Resources */,
			);
			runOnlyForDeploymentPostprocessing = 0;
		};
		BFCEFD9324B314B80096AE8D /* Resources */ = {
			isa = PBXResourcesBuildPhase;
			buildActionMask = 2147483647;
			files = (
				BFCEFD9424B314B80096AE8D /* Assets.xcassets in Resources */,
			);
			runOnlyForDeploymentPostprocessing = 0;
		};
/* End PBXResourcesBuildPhase section */

/* Begin PBXSourcesBuildPhase section */
		BFCEFC9F24AACECF0096AE8D /* Sources */ = {
			isa = PBXSourcesBuildPhase;
			buildActionMask = 2147483647;
			files = (
				BFCEFCD524AACFE70096AE8D /* main.cpp in Sources */,
			);
			runOnlyForDeploymentPostprocessing = 0;
		};
		BFCEFD8D24B314B80096AE8D /* Sources */ = {
			isa = PBXSourcesBuildPhase;
			buildActionMask = 2147483647;
			files = (
				BFCEFD9A24B314F70096AE8D /* main.cpp in Sources */,
			);
			runOnlyForDeploymentPostprocessing = 0;
		};
/* End PBXSourcesBuildPhase section */

/* Begin XCBuildConfiguration section */
		BFCEFCB524AACED00096AE8D /* Debug */ = {
			isa = XCBuildConfiguration;
			buildSettings = {
				ALWAYS_SEARCH_USER_PATHS = NO;
				CLANG_ANALYZER_NONNULL = YES;
				CLANG_ANALYZER_NUMBER_OBJECT_CONVERSION = YES_AGGRESSIVE;
				CLANG_CXX_LANGUAGE_STANDARD = "gnu++14";
				CLANG_CXX_LIBRARY = "libc++";
				CLANG_ENABLE_MODULES = YES;
				CLANG_ENABLE_OBJC_ARC = YES;
				CLANG_ENABLE_OBJC_WEAK = YES;
				CLANG_WARN_BLOCK_CAPTURE_AUTORELEASING = YES;
				CLANG_WARN_BOOL_CONVERSION = YES;
				CLANG_WARN_COMMA = YES;
				CLANG_WARN_CONSTANT_CONVERSION = YES;
				CLANG_WARN_DEPRECATED_OBJC_IMPLEMENTATIONS = YES;
				CLANG_WARN_DIRECT_OBJC_ISA_USAGE = YES_ERROR;
				CLANG_WARN_DOCUMENTATION_COMMENTS = YES;
				CLANG_WARN_EMPTY_BODY = YES;
				CLANG_WARN_ENUM_CONVERSION = YES;
				CLANG_WARN_INFINITE_RECURSION = YES;
				CLANG_WARN_INT_CONVERSION = YES;
				CLANG_WARN_NON_LITERAL_NULL_CONVERSION = YES;
				CLANG_WARN_OBJC_IMPLICIT_RETAIN_SELF = YES;
				CLANG_WARN_OBJC_LITERAL_CONVERSION = YES;
				CLANG_WARN_OBJC_ROOT_CLASS = YES_ERROR;
				CLANG_WARN_RANGE_LOOP_ANALYSIS = YES;
				CLANG_WARN_STRICT_PROTOTYPES = YES;
				CLANG_WARN_SUSPICIOUS_MOVE = YES;
				CLANG_WARN_UNGUARDED_AVAILABILITY = YES_AGGRESSIVE;
				CLANG_WARN_UNREACHABLE_CODE = YES;
				CLANG_WARN__DUPLICATE_METHOD_MATCH = YES;
				COPY_PHASE_STRIP = NO;
				DEBUG_INFORMATION_FORMAT = dwarf;
				ENABLE_STRICT_OBJC_MSGSEND = YES;
				ENABLE_TESTABILITY = YES;
				GCC_C_LANGUAGE_STANDARD = gnu11;
				GCC_DYNAMIC_NO_PIC = NO;
				GCC_NO_COMMON_BLOCKS = YES;
				GCC_OPTIMIZATION_LEVEL = 0;
				GCC_PREPROCESSOR_DEFINITIONS = (
					"DEBUG=1",
					"$(inherited)",
				);
				GCC_WARN_64_TO_32_BIT_CONVERSION = YES;
				GCC_WARN_ABOUT_RETURN_TYPE = YES_ERROR;
				GCC_WARN_UNDECLARED_SELECTOR = YES;
				GCC_WARN_UNINITIALIZED_AUTOS = YES_AGGRESSIVE;
				GCC_WARN_UNUSED_FUNCTION = YES;
				GCC_WARN_UNUSED_VARIABLE = YES;
				MACOSX_DEPLOYMENT_TARGET = 10.14;
				MTL_ENABLE_DEBUG_INFO = INCLUDE_SOURCE;
				MTL_FAST_MATH = YES;
				ONLY_ACTIVE_ARCH = YES;
				SDKROOT = macosx;
			};
			name = Debug;
		};
		BFCEFCB624AACED00096AE8D /* Release */ = {
			isa = XCBuildConfiguration;
			buildSettings = {
				ALWAYS_SEARCH_USER_PATHS = NO;
				CLANG_ANALYZER_NONNULL = YES;
				CLANG_ANALYZER_NUMBER_OBJECT_CONVERSION = YES_AGGRESSIVE;
				CLANG_CXX_LANGUAGE_STANDARD = "gnu++14";
				CLANG_CXX_LIBRARY = "libc++";
				CLANG_ENABLE_MODULES = YES;
				CLANG_ENABLE_OBJC_ARC = YES;
				CLANG_ENABLE_OBJC_WEAK = YES;
				CLANG_WARN_BLOCK_CAPTURE_AUTORELEASING = YES;
				CLANG_WARN_BOOL_CONVERSION = YES;
				CLANG_WARN_COMMA = YES;
				CLANG_WARN_CONSTANT_CONVERSION = YES;
				CLANG_WARN_DEPRECATED_OBJC_IMPLEMENTATIONS = YES;
				CLANG_WARN_DIRECT_OBJC_ISA_USAGE = YES_ERROR;
				CLANG_WARN_DOCUMENTATION_COMMENTS = YES;
				CLANG_WARN_EMPTY_BODY = YES;
				CLANG_WARN_ENUM_CONVERSION = YES;
				CLANG_WARN_INFINITE_RECURSION = YES;
				CLANG_WARN_INT_CONVERSION = YES;
				CLANG_WARN_NON_LITERAL_NULL_CONVERSION = YES;
				CLANG_WARN_OBJC_IMPLICIT_RETAIN_SELF = YES;
				CLANG_WARN_OBJC_LITERAL_CONVERSION = YES;
				CLANG_WARN_OBJC_ROOT_CLASS = YES_ERROR;
				CLANG_WARN_RANGE_LOOP_ANALYSIS = YES;
				CLANG_WARN_STRICT_PROTOTYPES = YES;
				CLANG_WARN_SUSPICIOUS_MOVE = YES;
				CLANG_WARN_UNGUARDED_AVAILABILITY = YES_AGGRESSIVE;
				CLANG_WARN_UNREACHABLE_CODE = YES;
				CLANG_WARN__DUPLICATE_METHOD_MATCH = YES;
				COPY_PHASE_STRIP = NO;
				DEBUG_INFORMATION_FORMAT = "dwarf-with-dsym";
				ENABLE_NS_ASSERTIONS = NO;
				ENABLE_STRICT_OBJC_MSGSEND = YES;
				GCC_C_LANGUAGE_STANDARD = gnu11;
				GCC_NO_COMMON_BLOCKS = YES;
				GCC_WARN_64_TO_32_BIT_CONVERSION = YES;
				GCC_WARN_ABOUT_RETURN_TYPE = YES_ERROR;
				GCC_WARN_UNDECLARED_SELECTOR = YES;
				GCC_WARN_UNINITIALIZED_AUTOS = YES_AGGRESSIVE;
				GCC_WARN_UNUSED_FUNCTION = YES;
				GCC_WARN_UNUSED_VARIABLE = YES;
				MACOSX_DEPLOYMENT_TARGET = 10.14;
				MTL_ENABLE_DEBUG_INFO = NO;
				MTL_FAST_MATH = YES;
				SDKROOT = macosx;
			};
			name = Release;
		};
		BFCEFCB824AACED00096AE8D /* Debug */ = {
			isa = XCBuildConfiguration;
			buildSettings = {
				ASSETCATALOG_COMPILER_APPICON_NAME = AppIcon;
				CODE_SIGN_ENTITLEMENTS = OpenGL/OpenGL.entitlements;
				CODE_SIGN_STYLE = Automatic;
				COMBINE_HIDPI_IMAGES = YES;
				GCC_WARN_ABOUT_DEPRECATED_FUNCTIONS = NO;
				HEADER_SEARCH_PATHS = "$(PROJECT_DIR)/OpenGL/include";
				INFOPLIST_FILE = OpenGL/Info.plist;
				LD_RUNPATH_SEARCH_PATHS = (
					"$(inherited)",
					"@executable_path/../Frameworks",
				);
				LIBRARY_SEARCH_PATHS = (
					"$(inherited)",
					"$(PROJECT_DIR)/OpenGL",
					"$(PROJECT_DIR)",
				);
				PRODUCT_BUNDLE_IDENTIFIER = shoujun.xu.OpenGL;
				PRODUCT_NAME = "$(TARGET_NAME)";
			};
			name = Debug;
		};
		BFCEFCB924AACED00096AE8D /* Release */ = {
			isa = XCBuildConfiguration;
			buildSettings = {
				ASSETCATALOG_COMPILER_APPICON_NAME = AppIcon;
				CODE_SIGN_ENTITLEMENTS = OpenGL/OpenGL.entitlements;
				CODE_SIGN_STYLE = Automatic;
				COMBINE_HIDPI_IMAGES = YES;
				GCC_WARN_ABOUT_DEPRECATED_FUNCTIONS = NO;
				HEADER_SEARCH_PATHS = "$(PROJECT_DIR)/OpenGL/include";
				INFOPLIST_FILE = OpenGL/Info.plist;
				LD_RUNPATH_SEARCH_PATHS = (
					"$(inherited)",
					"@executable_path/../Frameworks",
				);
				LIBRARY_SEARCH_PATHS = (
					"$(inherited)",
					"$(PROJECT_DIR)/OpenGL",
					"$(PROJECT_DIR)",
				);
				PRODUCT_BUNDLE_IDENTIFIER = shoujun.xu.OpenGL;
				PRODUCT_NAME = "$(TARGET_NAME)";
			};
			name = Release;
		};
		BFCEFD9624B314B80096AE8D /* Debug */ = {
			isa = XCBuildConfiguration;
			buildSettings = {
				ASSETCATALOG_COMPILER_APPICON_NAME = AppIcon;
				CODE_SIGN_ENTITLEMENTS = OpenGL/OpenGL.entitlements;
				CODE_SIGN_STYLE = Automatic;
				COMBINE_HIDPI_IMAGES = YES;
				GCC_WARN_ABOUT_DEPRECATED_FUNCTIONS = NO;
				HEADER_SEARCH_PATHS = "$(PROJECT_DIR)/OpenGL/include";
				INFOPLIST_FILE = "OpenGL Move-Info.plist";
				LD_RUNPATH_SEARCH_PATHS = (
					"$(inherited)",
					"@executable_path/../Frameworks",
				);
				LIBRARY_SEARCH_PATHS = (
					"$(inherited)",
					"$(PROJECT_DIR)/OpenGL",
					"$(PROJECT_DIR)",
				);
				PRODUCT_BUNDLE_IDENTIFIER = shoujun.xu.OpenGL;
				PRODUCT_NAME = "$(TARGET_NAME)";
			};
			name = Debug;
		};
		BFCEFD9724B314B80096AE8D /* Release */ = {
			isa = XCBuildConfiguration;
			buildSettings = {
				ASSETCATALOG_COMPILER_APPICON_NAME = AppIcon;
				CODE_SIGN_ENTITLEMENTS = OpenGL/OpenGL.entitlements;
				CODE_SIGN_STYLE = Automatic;
				COMBINE_HIDPI_IMAGES = YES;
				GCC_WARN_ABOUT_DEPRECATED_FUNCTIONS = NO;
				HEADER_SEARCH_PATHS = "$(PROJECT_DIR)/OpenGL/include";
				INFOPLIST_FILE = "OpenGL Move-Info.plist";
				LD_RUNPATH_SEARCH_PATHS = (
					"$(inherited)",
					"@executable_path/../Frameworks",
				);
				LIBRARY_SEARCH_PATHS = (
					"$(inherited)",
					"$(PROJECT_DIR)/OpenGL",
					"$(PROJECT_DIR)",
				);
				PRODUCT_BUNDLE_IDENTIFIER = shoujun.xu.OpenGL;
				PRODUCT_NAME = "$(TARGET_NAME)";
			};
			name = Release;
		};
/* End XCBuildConfiguration section */

/* Begin XCConfigurationList section */
		BFCEFC9E24AACECF0096AE8D /* Build configuration list for PBXProject "OpenGL" */ = {
			isa = XCConfigurationList;
			buildConfigurations = (
				BFCEFCB524AACED00096AE8D /* Debug */,
				BFCEFCB624AACED00096AE8D /* Release */,
			);
			defaultConfigurationIsVisible = 0;
			defaultConfigurationName = Release;
		};
		BFCEFCB724AACED00096AE8D /* Build configuration list for PBXNativeTarget "OpenGL" */ = {
			isa = XCConfigurationList;
			buildConfigurations = (
				BFCEFCB824AACED00096AE8D /* Debug */,
				BFCEFCB924AACED00096AE8D /* Release */,
			);
			defaultConfigurationIsVisible = 0;
			defaultConfigurationName = Release;
		};
		BFCEFD9524B314B80096AE8D /* Build configuration list for PBXNativeTarget "OpenGL Move" */ = {
			isa = XCConfigurationList;
			buildConfigurations = (
				BFCEFD9624B314B80096AE8D /* Debug */,
				BFCEFD9724B314B80096AE8D /* Release */,
			);
			defaultConfigurationIsVisible = 0;
			defaultConfigurationName = Release;
		};
/* End XCConfigurationList section */
	};
	rootObject = BFCEFC9B24AACECF0096AE8D /* Project object */;
}
